{
  "nodes": {
    "cargo2nix": {
      "inputs": {
        "flake-compat": [
          "flake-compat"
        ],
        "flake-utils": [
          "flake-utils"
        ],
        "nixpkgs": [
          "nixpkgs"
        ],
        "rust-overlay": [
          "rust-overlay"
        ]
      },
      "locked": {
        "lastModified": 1655189312,
        "narHash": "sha256-gpJ57OgIebUpO+7F00VltxSEy6dz2x6HeJ5BcRM8rDA=",
        "owner": "cargo2nix",
        "repo": "cargo2nix",
        "rev": "c149357cc3d17f2849c73eb7a09d07a307cdcfe8",
        "type": "github"
      },
      "original": {
        "owner": "cargo2nix",
        "repo": "cargo2nix",
        "type": "github"
      }
    },
    "flake-compat": {
      "flake": false,
      "locked": {
        "lastModified": 1650374568,
        "narHash": "sha256-Z+s0J8/r907g149rllvwhb4pKi8Wam5ij0st8PwAh+E=",
        "owner": "edolstra",
        "repo": "flake-compat",
        "rev": "b4a34015c698c7793d592d66adbab377907a2be8",
        "type": "github"
      },
      "original": {
        "owner": "edolstra",
        "repo": "flake-compat",
        "type": "github"
      }
    },
    "flake-utils": {
      "locked": {
        "lastModified": 1656928814,
        "narHash": "sha256-RIFfgBuKz6Hp89yRr7+NR5tzIAbn52h8vT6vXkYjZoM=",
        "owner": "numtide",
        "repo": "flake-utils",
        "rev": "7e2a3b3dfd9af950a856d66b0a7d01e3c18aa249",
        "type": "github"
      },
      "original": {
        "owner": "numtide",
        "repo": "flake-utils",
        "type": "github"
      }
    },
    "nixpkgs": {
      "locked": {
        "lastModified": 1657180881,
        "narHash": "sha256-uwUxEXY3b6O3WhzDLT3EaZOk4bGE648Mxi5Q1zljh9Y=",
        "owner": "profianinc",
        "repo": "nixpkgs",
        "rev": "a932f558a856d6f7c57223d554e110e9ba12e7c9",
        "type": "github"
      },
      "original": {
        "owner": "profianinc",
        "repo": "nixpkgs",
        "type": "github"
      }
    },
    "root": {
      "inputs": {
        "cargo2nix": "cargo2nix",
        "flake-compat": "flake-compat",
        "flake-utils": "flake-utils",
        "nixpkgs": "nixpkgs",
        "rust-overlay": "rust-overlay"
      }
    },
    "rust-overlay": {
      "inputs": {
        "flake-utils": [
          "flake-utils"
        ],
        "nixpkgs": [
          "nixpkgs"
        ]
      },
      "locked": {
        "lastModified": 1657162416,
        "narHash": "sha256-5HckhpteVHcb++qPFw8L9bHd/B1EAzQxDeAPXAKML70=",
        "owner": "oxalica",
        "repo": "rust-overlay",
        "rev": "b1b998b47b15bc5e18a1b364c9c4f145bb0a3931",
        "type": "github"
      },
      "original": {
        "owner": "oxalica",
        "repo": "rust-overlay",
        "type": "github"
      }
    }
  },
  "root": "root",
  "version": 7
}
